# This file was autogenerated by Stack.
# You should not edit this file by hand.
# For more information, please see the documentation at:
#   https://docs.haskellstack.org/en/stable/topics/lock_files

packages:
- completed:
    hackage: aztecs-0.17.1@sha256:2f257abb54567c111e18f43463fcab7bb669eff360933dd71f284378647cba87,2992
    pantry-tree:
      sha256: 0dbcea595540a5f4855091ac26833945967e86bd8311f612bc26ccc9201306b0
      size: 2590
  original:
    hackage: aztecs-0.17.1
- completed:
    hackage: h-raylib-5.6.0.0@sha256:7b060989771f324defc700b9b16955c4d0a35b80ed508217afe23444b18565aa,9075
    pantry-tree:
      sha256: 6f11d264f9e8623531e7002ad32adf89928d6f3b6a671a9e1e5be5d86738545d
      size: 37046
  original:
    hackage: h-raylib-5.6.0.0
snapshots:
- completed:
    sha256: a8cfaae441160430cdde558cb80d4f9d60746e7417b275250e4e0af57ee14f36
    size: 728954
    url: https://raw.githubusercontent.com/commercialhaskell/stackage-snapshots/master/lts/24/33.yaml
  original: lts-24.33
